// !$*UTF8*$!
{
	archiveVersion = 1;
	classes = {
	};
	objectVersion = 56;
	objects = {

/* Begin PBXBuildFile section */
		350FBBBF2C68A219004FBD07 /* HTTPClient.swift in Sources */ = {isa = PBXBuildFile; fileRef = 350FBBBE2C68A219004FBD07 /* HTTPClient.swift */; };
		350FBBC42C68B78C004FBD07 /* FeedItem.swift in Sources */ = {isa = PBXBuildFile; fileRef = 350FBBC32C68B78C004FBD07 /* FeedItem.swift */; };
		350FBBC62C68B79F004FBD07 /* FeedItemsMapper.swift in Sources */ = {isa = PBXBuildFile; fileRef = 350FBBC52C68B79F004FBD07 /* FeedItemsMapper.swift */; };
		350FBBCA2C68B819004FBD07 /* Log.swift in Sources */ = {isa = PBXBuildFile; fileRef = 350FBBC92C68B819004FBD07 /* Log.swift */; };
		350FBBCE2C68BEC9004FBD07 /* Environment.swift in Sources */ = {isa = PBXBuildFile; fileRef = 350FBBCD2C68BEC9004FBD07 /* Environment.swift */; };
		350FBBD22C68C139004FBD07 /* FeedLoader.swift in Sources */ = {isa = PBXBuildFile; fileRef = 350FBBD12C68C139004FBD07 /* FeedLoader.swift */; };
		350FBBD42C68CD68004FBD07 /* FeedEndPoint.swift in Sources */ = {isa = PBXBuildFile; fileRef = 350FBBD32C68CD68004FBD07 /* FeedEndPoint.swift */; };
		350FBBD62C68D56C004FBD07 /* RemoteFeedLoader.swift in Sources */ = {isa = PBXBuildFile; fileRef = 350FBBD52C68D56C004FBD07 /* RemoteFeedLoader.swift */; };
		350FBBDB2C68DAEC004FBD07 /* URLSessionHTTPClientTests.swift in Sources */ = {isa = PBXBuildFile; fileRef = 350FBBDA2C68DAEC004FBD07 /* URLSessionHTTPClientTests.swift */; };
		352289F32C68E1490061EE13 /* XCTestCase+MemoryLeakTracking.swift in Sources */ = {isa = PBXBuildFile; fileRef = 352289F22C68E1490061EE13 /* XCTestCase+MemoryLeakTracking.swift */; };
		354B3A662C6E5B62002A2935 /* LocalFeedItem.swift in Sources */ = {isa = PBXBuildFile; fileRef = 354B3A652C6E5B62002A2935 /* LocalFeedItem.swift */; };
		3559AF452C652BF70081C73A /* AppDelegate.swift in Sources */ = {isa = PBXBuildFile; fileRef = 3559AF442C652BF70081C73A /* AppDelegate.swift */; };
		3559AF472C652BF70081C73A /* SceneDelegate.swift in Sources */ = {isa = PBXBuildFile; fileRef = 3559AF462C652BF70081C73A /* SceneDelegate.swift */; };
		3559AF492C652BF70081C73A /* ViewController.swift in Sources */ = {isa = PBXBuildFile; fileRef = 3559AF482C652BF70081C73A /* ViewController.swift */; };
		3559AF4E2C652BFA0081C73A /* Assets.xcassets in Resources */ = {isa = PBXBuildFile; fileRef = 3559AF4D2C652BFA0081C73A /* Assets.xcassets */; };
		3559AF512C652BFA0081C73A /* LaunchScreen.storyboard in Resources */ = {isa = PBXBuildFile; fileRef = 3559AF4F2C652BFA0081C73A /* LaunchScreen.storyboard */; };
		35BC6BB12C8DF1530000F1A3 /* URLSessionHTTPClient.swift in Sources */ = {isa = PBXBuildFile; fileRef = 35BC6BB02C8DF1530000F1A3 /* URLSessionHTTPClient.swift */; };
		35BC6BB32C8DF7920000F1A3 /* HTTPClientTask.swift in Sources */ = {isa = PBXBuildFile; fileRef = 35BC6BB22C8DF7920000F1A3 /* HTTPClientTask.swift */; };
		35BC6BB52C8DFDAD0000F1A3 /* LocalFeedLoader.swift in Sources */ = {isa = PBXBuildFile; fileRef = 35BC6BB42C8DFDAD0000F1A3 /* LocalFeedLoader.swift */; };
		35BC6BB72C8DFDCB0000F1A3 /* CoreDataFeedStore.swift in Sources */ = {isa = PBXBuildFile; fileRef = 35BC6BB62C8DFDCB0000F1A3 /* CoreDataFeedStore.swift */; };
		35BC6BB92C8DFE020000F1A3 /* FeedStore.swift in Sources */ = {isa = PBXBuildFile; fileRef = 35BC6BB82C8DFE020000F1A3 /* FeedStore.swift */; };
		35D7E09E2C6A5BBF0078B283 /* FeedCachePolicy.swift in Sources */ = {isa = PBXBuildFile; fileRef = 35D7E09D2C6A5BBF0078B283 /* FeedCachePolicy.swift */; };
		35FF73AD2C958519007B33B2 /* UIViewExt.swift in Sources */ = {isa = PBXBuildFile; fileRef = 35FF73AC2C958519007B33B2 /* UIViewExt.swift */; };
/* End PBXBuildFile section */

/* Begin PBXContainerItemProxy section */
		3559AF602C652C170081C73A /* PBXContainerItemProxy */ = {
			isa = PBXContainerItemProxy;
			containerPortal = 3559AF392C652BF70081C73A /* Project object */;
			proxyType = 1;
			remoteGlobalIDString = 3559AF402C652BF70081C73A;
			remoteInfo = Case_Study;
		};
/* End PBXContainerItemProxy section */

/* Begin PBXFileReference section */
		350FBBBE2C68A219004FBD07 /* HTTPClient.swift */ = {isa = PBXFileReference; lastKnownFileType = sourcecode.swift; path = HTTPClient.swift; sourceTree = "<group>"; };
		350FBBC32C68B78C004FBD07 /* FeedItem.swift */ = {isa = PBXFileReference; lastKnownFileType = sourcecode.swift; path = FeedItem.swift; sourceTree = "<group>"; };
		350FBBC52C68B79F004FBD07 /* FeedItemsMapper.swift */ = {isa = PBXFileReference; lastKnownFileType = sourcecode.swift; path = FeedItemsMapper.swift; sourceTree = "<group>"; };
		350FBBC92C68B819004FBD07 /* Log.swift */ = {isa = PBXFileReference; lastKnownFileType = sourcecode.swift; path = Log.swift; sourceTree = "<group>"; };
		350FBBCD2C68BEC9004FBD07 /* Environment.swift */ = {isa = PBXFileReference; lastKnownFileType = sourcecode.swift; path = Environment.swift; sourceTree = "<group>"; };
		350FBBD12C68C139004FBD07 /* FeedLoader.swift */ = {isa = PBXFileReference; lastKnownFileType = sourcecode.swift; path = FeedLoader.swift; sourceTree = "<group>"; };
		350FBBD32C68CD68004FBD07 /* FeedEndPoint.swift */ = {isa = PBXFileReference; lastKnownFileType = sourcecode.swift; path = FeedEndPoint.swift; sourceTree = "<group>"; };
		350FBBD52C68D56C004FBD07 /* RemoteFeedLoader.swift */ = {isa = PBXFileReference; lastKnownFileType = sourcecode.swift; path = RemoteFeedLoader.swift; sourceTree = "<group>"; };
		350FBBDA2C68DAEC004FBD07 /* URLSessionHTTPClientTests.swift */ = {isa = PBXFileReference; lastKnownFileType = sourcecode.swift; path = URLSessionHTTPClientTests.swift; sourceTree = "<group>"; };
		352289F22C68E1490061EE13 /* XCTestCase+MemoryLeakTracking.swift */ = {isa = PBXFileReference; lastKnownFileType = sourcecode.swift; path = "XCTestCase+MemoryLeakTracking.swift"; sourceTree = "<group>"; };
		354B3A652C6E5B62002A2935 /* LocalFeedItem.swift */ = {isa = PBXFileReference; lastKnownFileType = sourcecode.swift; path = LocalFeedItem.swift; sourceTree = "<group>"; };
		3559AF412C652BF70081C73A /* Case_Study.app */ = {isa = PBXFileReference; explicitFileType = wrapper.application; includeInIndex = 0; path = Case_Study.app; sourceTree = BUILT_PRODUCTS_DIR; };
		3559AF442C652BF70081C73A /* AppDelegate.swift */ = {isa = PBXFileReference; lastKnownFileType = sourcecode.swift; path = AppDelegate.swift; sourceTree = "<group>"; };
		3559AF462C652BF70081C73A /* SceneDelegate.swift */ = {isa = PBXFileReference; lastKnownFileType = sourcecode.swift; path = SceneDelegate.swift; sourceTree = "<group>"; };
		3559AF482C652BF70081C73A /* ViewController.swift */ = {isa = PBXFileReference; lastKnownFileType = sourcecode.swift; path = ViewController.swift; sourceTree = "<group>"; };
		3559AF4D2C652BFA0081C73A /* Assets.xcassets */ = {isa = PBXFileReference; lastKnownFileType = folder.assetcatalog; path = Assets.xcassets; sourceTree = "<group>"; };
		3559AF502C652BFA0081C73A /* Base */ = {isa = PBXFileReference; lastKnownFileType = file.storyboard; name = Base; path = Base.lproj/LaunchScreen.storyboard; sourceTree = "<group>"; };
		3559AF522C652BFA0081C73A /* Info.plist */ = {isa = PBXFileReference; lastKnownFileType = text.plist.xml; path = Info.plist; sourceTree = "<group>"; };
		3559AF5C2C652C170081C73A /* Case_StudyTests.xctest */ = {isa = PBXFileReference; explicitFileType = wrapper.cfbundle; includeInIndex = 0; path = Case_StudyTests.xctest; sourceTree = BUILT_PRODUCTS_DIR; };
		35BC6BB02C8DF1530000F1A3 /* URLSessionHTTPClient.swift */ = {isa = PBXFileReference; lastKnownFileType = sourcecode.swift; path = URLSessionHTTPClient.swift; sourceTree = "<group>"; };
		35BC6BB22C8DF7920000F1A3 /* HTTPClientTask.swift */ = {isa = PBXFileReference; lastKnownFileType = sourcecode.swift; path = HTTPClientTask.swift; sourceTree = "<group>"; };
		35BC6BB42C8DFDAD0000F1A3 /* LocalFeedLoader.swift */ = {isa = PBXFileReference; lastKnownFileType = sourcecode.swift; path = LocalFeedLoader.swift; sourceTree = "<group>"; };
		35BC6BB62C8DFDCB0000F1A3 /* CoreDataFeedStore.swift */ = {isa = PBXFileReference; lastKnownFileType = sourcecode.swift; path = CoreDataFeedStore.swift; sourceTree = "<group>"; };
		35BC6BB82C8DFE020000F1A3 /* FeedStore.swift */ = {isa = PBXFileReference; lastKnownFileType = sourcecode.swift; path = FeedStore.swift; sourceTree = "<group>"; };
		35D7E09D2C6A5BBF0078B283 /* FeedCachePolicy.swift */ = {isa = PBXFileReference; lastKnownFileType = sourcecode.swift; path = FeedCachePolicy.swift; sourceTree = "<group>"; };
		35FF73AC2C958519007B33B2 /* UIViewExt.swift */ = {isa = PBXFileReference; lastKnownFileType = sourcecode.swift; path = UIViewExt.swift; sourceTree = "<group>"; };
/* End PBXFileReference section */

/* Begin PBXFrameworksBuildPhase section */
		3559AF3E2C652BF70081C73A /* Frameworks */ = {
			isa = PBXFrameworksBuildPhase;
			buildActionMask = 2147483647;
			files = (
			);
			runOnlyForDeploymentPostprocessing = 0;
		};
		3559AF592C652C170081C73A /* Frameworks */ = {
			isa = PBXFrameworksBuildPhase;
			buildActionMask = 2147483647;
			files = (
			);
			runOnlyForDeploymentPostprocessing = 0;
		};
/* End PBXFrameworksBuildPhase section */

/* Begin PBXGroup section */
		350FBBB92C689E03004FBD07 /* Feed API */ = {
			isa = PBXGroup;
			children = (
				350FBBD32C68CD68004FBD07 /* FeedEndPoint.swift */,
				350FBBC52C68B79F004FBD07 /* FeedItemsMapper.swift */,
				350FBBD52C68D56C004FBD07 /* RemoteFeedLoader.swift */,
			);
			path = "Feed API";
			sourceTree = "<group>";
		};
		350FBBC22C68B73C004FBD07 /* Feed Feature */ = {
			isa = PBXGroup;
			children = (
				350FBBC32C68B78C004FBD07 /* FeedItem.swift */,
				350FBBD12C68C139004FBD07 /* FeedLoader.swift */,
			);
			path = "Feed Feature";
			sourceTree = "<group>";
		};
		350FBBC72C68B7B4004FBD07 /* Shared API */ = {
			isa = PBXGroup;
			children = (
				350FBBCD2C68BEC9004FBD07 /* Environment.swift */,
				350FBBBE2C68A219004FBD07 /* HTTPClient.swift */,
				35BC6BB02C8DF1530000F1A3 /* URLSessionHTTPClient.swift */,
				35BC6BB22C8DF7920000F1A3 /* HTTPClientTask.swift */,
			);
			path = "Shared API";
			sourceTree = "<group>";
		};
		350FBBC82C68B80F004FBD07 /* Utilities */ = {
			isa = PBXGroup;
			children = (
				350FBBC92C68B819004FBD07 /* Log.swift */,
				35FF73AC2C958519007B33B2 /* UIViewExt.swift */,
			);
			path = Utilities;
			sourceTree = "<group>";
		};
		350FBBD72C68D908004FBD07 /* Feed API Tests */ = {
			isa = PBXGroup;
			children = (
				352289F12C68E12A0061EE13 /* Helpers */,
				350FBBDA2C68DAEC004FBD07 /* URLSessionHTTPClientTests.swift */,
			);
			path = "Feed API Tests";
			sourceTree = "<group>";
		};
		352289F12C68E12A0061EE13 /* Helpers */ = {
			isa = PBXGroup;
			children = (
				352289F22C68E1490061EE13 /* XCTestCase+MemoryLeakTracking.swift */,
			);
			path = Helpers;
			sourceTree = "<group>";
		};
		3559AF382C652BF70081C73A = {
			isa = PBXGroup;
			children = (
				3559AF432C652BF70081C73A /* Case_Study */,
				3559AF5D2C652C170081C73A /* Case_StudyTests */,
				3559AF422C652BF70081C73A /* Products */,
			);
			sourceTree = "<group>";
		};
		3559AF422C652BF70081C73A /* Products */ = {
			isa = PBXGroup;
			children = (
				3559AF412C652BF70081C73A /* Case_Study.app */,
				3559AF5C2C652C170081C73A /* Case_StudyTests.xctest */,
			);
			name = Products;
			sourceTree = "<group>";
		};
		3559AF432C652BF70081C73A /* Case_Study */ = {
			isa = PBXGroup;
			children = (
				3559AF522C652BFA0081C73A /* Info.plist */,
				3559AF442C652BF70081C73A /* AppDelegate.swift */,
				3559AF462C652BF70081C73A /* SceneDelegate.swift */,
				3559AF482C652BF70081C73A /* ViewController.swift */,
				350FBBB92C689E03004FBD07 /* Feed API */,
				35D7E09C2C6A5B3B0078B283 /* Feed Cache */,
				350FBBC22C68B73C004FBD07 /* Feed Feature */,
				3559AF4F2C652BFA0081C73A /* LaunchScreen.storyboard */,
				35BC6BAD2C8DEC280000F1A3 /* Resources */,
				350FBBC72C68B7B4004FBD07 /* Shared API */,
				350FBBC82C68B80F004FBD07 /* Utilities */,
				35BC6BAE2C8DEC9D0000F1A3 /* Views */,
			);
			path = Case_Study;
			sourceTree = "<group>";
		};
		3559AF5D2C652C170081C73A /* Case_StudyTests */ = {
			isa = PBXGroup;
			children = (
				350FBBD72C68D908004FBD07 /* Feed API Tests */,
			);
			path = Case_StudyTests;
			sourceTree = "<group>";
		};
		35BC6BAD2C8DEC280000F1A3 /* Resources */ = {
			isa = PBXGroup;
			children = (
				3559AF4D2C652BFA0081C73A /* Assets.xcassets */,
			);
			path = Resources;
			sourceTree = "<group>";
		};
		35BC6BAE2C8DEC9D0000F1A3 /* Views */ = {
			isa = PBXGroup;
			children = (
			);
			path = Views;
			sourceTree = "<group>";
		};
		35D7E09C2C6A5B3B0078B283 /* Feed Cache */ = {
			isa = PBXGroup;
			children = (
				35D7E09D2C6A5BBF0078B283 /* FeedCachePolicy.swift */,
				354B3A652C6E5B62002A2935 /* LocalFeedItem.swift */,
				35BC6BB42C8DFDAD0000F1A3 /* LocalFeedLoader.swift */,
				35BC6BB62C8DFDCB0000F1A3 /* CoreDataFeedStore.swift */,
				35BC6BB82C8DFE020000F1A3 /* FeedStore.swift */,
			);
			path = "Feed Cache";
			sourceTree = "<group>";
		};
/* End PBXGroup section */

/* Begin PBXNativeTarget section */
		3559AF402C652BF70081C73A /* Case_Study */ = {
			isa = PBXNativeTarget;
			buildConfigurationList = 3559AF552C652BFA0081C73A /* Build configuration list for PBXNativeTarget "Case_Study" */;
			buildPhases = (
				3559AF3D2C652BF70081C73A /* Sources */,
				3559AF3E2C652BF70081C73A /* Frameworks */,
				3559AF3F2C652BF70081C73A /* Resources */,
			);
			buildRules = (
			);
			dependencies = (
			);
			name = Case_Study;
			productName = Case_Study;
			productReference = 3559AF412C652BF70081C73A /* Case_Study.app */;
			productType = "com.apple.product-type.application";
		};
		3559AF5B2C652C170081C73A /* Case_StudyTests */ = {
			isa = PBXNativeTarget;
			buildConfigurationList = 3559AF622C652C170081C73A /* Build configuration list for PBXNativeTarget "Case_StudyTests" */;
			buildPhases = (
				3559AF582C652C170081C73A /* Sources */,
				3559AF592C652C170081C73A /* Frameworks */,
				3559AF5A2C652C170081C73A /* Resources */,
			);
			buildRules = (
			);
			dependencies = (
				3559AF612C652C170081C73A /* PBXTargetDependency */,
			);
			name = Case_StudyTests;
			productName = Case_StudyTests;
			productReference = 3559AF5C2C652C170081C73A /* Case_StudyTests.xctest */;
			productType = "com.apple.product-type.bundle.unit-test";
		};
/* End PBXNativeTarget section */

/* Begin PBXProject section */
		3559AF392C652BF70081C73A /* Project object */ = {
			isa = PBXProject;
			attributes = {
				BuildIndependentTargetsInParallel = 1;
				LastSwiftUpdateCheck = 1520;
				LastUpgradeCheck = 1520;
				TargetAttributes = {
					3559AF402C652BF70081C73A = {
						CreatedOnToolsVersion = 15.2;
					};
					3559AF5B2C652C170081C73A = {
						CreatedOnToolsVersion = 15.2;
						LastSwiftMigration = 1520;
						TestTargetID = 3559AF402C652BF70081C73A;
					};
				};
			};
			buildConfigurationList = 3559AF3C2C652BF70081C73A /* Build configuration list for PBXProject "Case_Study" */;
			compatibilityVersion = "Xcode 14.0";
			developmentRegion = en;
			hasScannedForEncodings = 0;
			knownRegions = (
				en,
				Base,
			);
			mainGroup = 3559AF382C652BF70081C73A;
			productRefGroup = 3559AF422C652BF70081C73A /* Products */;
			projectDirPath = "";
			projectRoot = "";
			targets = (
				3559AF402C652BF70081C73A /* Case_Study */,
				3559AF5B2C652C170081C73A /* Case_StudyTests */,
			);
		};
/* End PBXProject section */

/* Begin PBXResourcesBuildPhase section */
		3559AF3F2C652BF70081C73A /* Resources */ = {
			isa = PBXResourcesBuildPhase;
			buildActionMask = 2147483647;
			files = (
				3559AF512C652BFA0081C73A /* LaunchScreen.storyboard in Resources */,
				3559AF4E2C652BFA0081C73A /* Assets.xcassets in Resources */,
			);
			runOnlyForDeploymentPostprocessing = 0;
		};
		3559AF5A2C652C170081C73A /* Resources */ = {
			isa = PBXResourcesBuildPhase;
			buildActionMask = 2147483647;
			files = (
			);
			runOnlyForDeploymentPostprocessing = 0;
		};
/* End PBXResourcesBuildPhase section */

/* Begin PBXSourcesBuildPhase section */
		3559AF3D2C652BF70081C73A /* Sources */ = {
			isa = PBXSourcesBuildPhase;
			buildActionMask = 2147483647;
			files = (
				35BC6BB32C8DF7920000F1A3 /* HTTPClientTask.swift in Sources */,
				3559AF492C652BF70081C73A /* ViewController.swift in Sources */,
				35BC6BB72C8DFDCB0000F1A3 /* CoreDataFeedStore.swift in Sources */,
				35D7E09E2C6A5BBF0078B283 /* FeedCachePolicy.swift in Sources */,
				350FBBD42C68CD68004FBD07 /* FeedEndPoint.swift in Sources */,
				354B3A662C6E5B62002A2935 /* LocalFeedItem.swift in Sources */,
				350FBBD62C68D56C004FBD07 /* RemoteFeedLoader.swift in Sources */,
				35BC6BB52C8DFDAD0000F1A3 /* LocalFeedLoader.swift in Sources */,
				350FBBC42C68B78C004FBD07 /* FeedItem.swift in Sources */,
				35BC6BB92C8DFE020000F1A3 /* FeedStore.swift in Sources */,
				350FBBC62C68B79F004FBD07 /* FeedItemsMapper.swift in Sources */,
				350FBBCE2C68BEC9004FBD07 /* Environment.swift in Sources */,
				35FF73AD2C958519007B33B2 /* UIViewExt.swift in Sources */,
				3559AF452C652BF70081C73A /* AppDelegate.swift in Sources */,
				350FBBBF2C68A219004FBD07 /* HTTPClient.swift in Sources */,
				35BC6BB12C8DF1530000F1A3 /* URLSessionHTTPClient.swift in Sources */,
				350FBBCA2C68B819004FBD07 /* Log.swift in Sources */,
				350FBBD22C68C139004FBD07 /* FeedLoader.swift in Sources */,
				3559AF472C652BF70081C73A /* SceneDelegate.swift in Sources */,
			);
			runOnlyForDeploymentPostprocessing = 0;
		};
		3559AF582C652C170081C73A /* Sources */ = {
			isa = PBXSourcesBuildPhase;
			buildActionMask = 2147483647;
			files = (
				350FBBDB2C68DAEC004FBD07 /* URLSessionHTTPClientTests.swift in Sources */,
				352289F32C68E1490061EE13 /* XCTestCase+MemoryLeakTracking.swift in Sources */,
			);
			runOnlyForDeploymentPostprocessing = 0;
		};
/* End PBXSourcesBuildPhase section */

/* Begin PBXTargetDependency section */
		3559AF612C652C170081C73A /* PBXTargetDependency */ = {
			isa = PBXTargetDependency;
			target = 3559AF402C652BF70081C73A /* Case_Study */;
			targetProxy = 3559AF602C652C170081C73A /* PBXContainerItemProxy */;
		};
/* End PBXTargetDependency section */

/* Begin PBXVariantGroup section */
		3559AF4F2C652BFA0081C73A /* LaunchScreen.storyboard */ = {
			isa = PBXVariantGroup;
			children = (
				3559AF502C652BFA0081C73A /* Base */,
			);
			name = LaunchScreen.storyboard;
			sourceTree = "<group>";
		};
/* End PBXVariantGroup section */

/* Begin XCBuildConfiguration section */
		3557CDA82CBD632A003D12C5 /* QA */ = {
			isa = XCBuildConfiguration;
			buildSettings = {
				ALWAYS_SEARCH_USER_PATHS = NO;
				ASSETCATALOG_COMPILER_GENERATE_SWIFT_ASSET_SYMBOL_EXTENSIONS = YES;
				CLANG_ANALYZER_NONNULL = YES;
				CLANG_ANALYZER_NUMBER_OBJECT_CONVERSION = YES_AGGRESSIVE;
				CLANG_CXX_LANGUAGE_STANDARD = "gnu++20";
				CLANG_ENABLE_MODULES = YES;
				CLANG_ENABLE_OBJC_ARC = YES;
				CLANG_ENABLE_OBJC_WEAK = YES;
				CLANG_WARN_BLOCK_CAPTURE_AUTORELEASING = YES;
				CLANG_WARN_BOOL_CONVERSION = YES;
				CLANG_WARN_COMMA = YES;
				CLANG_WARN_CONSTANT_CONVERSION = YES;
				CLANG_WARN_DEPRECATED_OBJC_IMPLEMENTATIONS = YES;
				CLANG_WARN_DIRECT_OBJC_ISA_USAGE = YES_ERROR;
				CLANG_WARN_DOCUMENTATION_COMMENTS = YES;
				CLANG_WARN_EMPTY_BODY = YES;
				CLANG_WARN_ENUM_CONVERSION = YES;
				CLANG_WARN_INFINITE_RECURSION = YES;
				CLANG_WARN_INT_CONVERSION = YES;
				CLANG_WARN_NON_LITERAL_NULL_CONVERSION = YES;
				CLANG_WARN_OBJC_IMPLICIT_RETAIN_SELF = YES;
				CLANG_WARN_OBJC_LITERAL_CONVERSION = YES;
				CLANG_WARN_OBJC_ROOT_CLASS = YES_ERROR;
				CLANG_WARN_QUOTED_INCLUDE_IN_FRAMEWORK_HEADER = YES;
				CLANG_WARN_RANGE_LOOP_ANALYSIS = YES;
				CLANG_WARN_STRICT_PROTOTYPES = YES;
				CLANG_WARN_SUSPICIOUS_MOVE = YES;
				CLANG_WARN_UNGUARDED_AVAILABILITY = YES_AGGRESSIVE;
				CLANG_WARN_UNREACHABLE_CODE = YES;
				CLANG_WARN__DUPLICATE_METHOD_MATCH = YES;
				COPY_PHASE_STRIP = NO;
				DEBUG_INFORMATION_FORMAT = dwarf;
				ENABLE_STRICT_OBJC_MSGSEND = YES;
				ENABLE_TESTABILITY = YES;
				ENABLE_USER_SCRIPT_SANDBOXING = YES;
				GCC_C_LANGUAGE_STANDARD = gnu17;
				GCC_DYNAMIC_NO_PIC = NO;
				GCC_NO_COMMON_BLOCKS = YES;
				GCC_OPTIMIZATION_LEVEL = 0;
				GCC_PREPROCESSOR_DEFINITIONS = (
					"DEBUG=1",
					"$(inherited)",
				);
				GCC_WARN_64_TO_32_BIT_CONVERSION = YES;
				GCC_WARN_ABOUT_RETURN_TYPE = YES_ERROR;
				GCC_WARN_UNDECLARED_SELECTOR = YES;
				GCC_WARN_UNINITIALIZED_AUTOS = YES_AGGRESSIVE;
				GCC_WARN_UNUSED_FUNCTION = YES;
				GCC_WARN_UNUSED_VARIABLE = YES;
				IPHONEOS_DEPLOYMENT_TARGET = 13.0;
				LOCALIZATION_PREFERS_STRING_CATALOGS = YES;
				MTL_ENABLE_DEBUG_INFO = INCLUDE_SOURCE;
				MTL_FAST_MATH = YES;
				ONLY_ACTIVE_ARCH = YES;
				SDKROOT = iphoneos;
				SWIFT_ACTIVE_COMPILATION_CONDITIONS = "DEBUG $(inherited)";
				SWIFT_OPTIMIZATION_LEVEL = "-Onone";
			};
			name = QA;
		};
		3557CDA92CBD632A003D12C5 /* QA */ = {
			isa = XCBuildConfiguration;
			buildSettings = {
				ASSETCATALOG_COMPILER_APPICON_NAME = AppIcon;
				ASSETCATALOG_COMPILER_GLOBAL_ACCENT_COLOR_NAME = AccentColor;
				CODE_SIGN_IDENTITY = "Apple Development";
				CODE_SIGN_STYLE = Automatic;
				CURRENT_PROJECT_VERSION = 1;
				DEVELOPMENT_TEAM = DRX889FW83;
				GENERATE_INFOPLIST_FILE = YES;
				INFOPLIST_FILE = Case_Study/Info.plist;
				INFOPLIST_KEY_UIApplicationSupportsIndirectInputEvents = YES;
				INFOPLIST_KEY_UILaunchStoryboardName = LaunchScreen;
				INFOPLIST_KEY_UISupportedInterfaceOrientations_iPad = "UIInterfaceOrientationPortrait UIInterfaceOrientationPortraitUpsideDown UIInterfaceOrientationLandscapeLeft UIInterfaceOrientationLandscapeRight";
				INFOPLIST_KEY_UISupportedInterfaceOrientations_iPhone = "UIInterfaceOrientationPortrait UIInterfaceOrientationLandscapeLeft UIInterfaceOrientationLandscapeRight";
				IPHONEOS_DEPLOYMENT_TARGET = 13.0;
				LD_RUNPATH_SEARCH_PATHS = (
					"$(inherited)",
					"@executable_path/Frameworks",
				);
				MARKETING_VERSION = 1.0;
				PRODUCT_BUNDLE_IDENTIFIER = "VinhPhan.Case-Study";
				PRODUCT_NAME = "$(TARGET_NAME)";
				PROVISIONING_PROFILE_SPECIFIER = "";
				SUPPORTED_PLATFORMS = "iphoneos iphonesimulator";
				SUPPORTS_MACCATALYST = NO;
				SUPPORTS_XR_DESIGNED_FOR_IPHONE_IPAD = NO;
				SWIFT_EMIT_LOC_STRINGS = YES;
				SWIFT_VERSION = 5.0;
				TARGETED_DEVICE_FAMILY = "1,2";
			};
			name = QA;
		};
		3557CDAA2CBD632A003D12C5 /* QA */ = {
			isa = XCBuildConfiguration;
			buildSettings = {
				BUNDLE_LOADER = "$(TEST_HOST)";
				CLANG_ENABLE_MODULES = YES;
				CODE_SIGN_STYLE = Automatic;
				CURRENT_PROJECT_VERSION = 1;
				DEVELOPMENT_TEAM = DRX889FW83;
				GENERATE_INFOPLIST_FILE = YES;
				IPHONEOS_DEPLOYMENT_TARGET = 13.0;
				MARKETING_VERSION = 1.0;
				PRODUCT_BUNDLE_IDENTIFIER = "VinhPhan.Case-StudyTests";
				PRODUCT_NAME = "$(TARGET_NAME)";
				SUPPORTED_PLATFORMS = "iphoneos iphonesimulator";
				SUPPORTS_MACCATALYST = YES;
				SUPPORTS_XR_DESIGNED_FOR_IPHONE_IPAD = NO;
				SWIFT_EMIT_LOC_STRINGS = NO;
				SWIFT_OPTIMIZATION_LEVEL = "-Onone";
				SWIFT_VERSION = 5.0;
				TARGETED_DEVICE_FAMILY = "1,2";
				TEST_HOST = "$(BUILT_PRODUCTS_DIR)/Case_Study.app/$(BUNDLE_EXECUTABLE_FOLDER_PATH)/Case_Study";
			};
			name = QA;
		};
		3559AF532C652BFA0081C73A /* Debug */ = {
			isa = XCBuildConfiguration;
			buildSettings = {
				ALWAYS_SEARCH_USER_PATHS = NO;
				ASSETCATALOG_COMPILER_GENERATE_SWIFT_ASSET_SYMBOL_EXTENSIONS = YES;
				CLANG_ANALYZER_NONNULL = YES;
				CLANG_ANALYZER_NUMBER_OBJECT_CONVERSION = YES_AGGRESSIVE;
				CLANG_CXX_LANGUAGE_STANDARD = "gnu++20";
				CLANG_ENABLE_MODULES = YES;
				CLANG_ENABLE_OBJC_ARC = YES;
				CLANG_ENABLE_OBJC_WEAK = YES;
				CLANG_WARN_BLOCK_CAPTURE_AUTORELEASING = YES;
				CLANG_WARN_BOOL_CONVERSION = YES;
				CLANG_WARN_COMMA = YES;
				CLANG_WARN_CONSTANT_CONVERSION = YES;
				CLANG_WARN_DEPRECATED_OBJC_IMPLEMENTATIONS = YES;
				CLANG_WARN_DIRECT_OBJC_ISA_USAGE = YES_ERROR;
				CLANG_WARN_DOCUMENTATION_COMMENTS = YES;
				CLANG_WARN_EMPTY_BODY = YES;
				CLANG_WARN_ENUM_CONVERSION = YES;
				CLANG_WARN_INFINITE_RECURSION = YES;
				CLANG_WARN_INT_CONVERSION = YES;
				CLANG_WARN_NON_LITERAL_NULL_CONVERSION = YES;
				CLANG_WARN_OBJC_IMPLICIT_RETAIN_SELF = YES;
				CLANG_WARN_OBJC_LITERAL_CONVERSION = YES;
				CLANG_WARN_OBJC_ROOT_CLASS = YES_ERROR;
				CLANG_WARN_QUOTED_INCLUDE_IN_FRAMEWORK_HEADER = YES;
				CLANG_WARN_RANGE_LOOP_ANALYSIS = YES;
				CLANG_WARN_STRICT_PROTOTYPES = YES;
				CLANG_WARN_SUSPICIOUS_MOVE = YES;
				CLANG_WARN_UNGUARDED_AVAILABILITY = YES_AGGRESSIVE;
				CLANG_WARN_UNREACHABLE_CODE = YES;
				CLANG_WARN__DUPLICATE_METHOD_MATCH = YES;
				COPY_PHASE_STRIP = NO;
				DEBUG_INFORMATION_FORMAT = dwarf;
				ENABLE_STRICT_OBJC_MSGSEND = YES;
				ENABLE_TESTABILITY = YES;
				ENABLE_USER_SCRIPT_SANDBOXING = YES;
				GCC_C_LANGUAGE_STANDARD = gnu17;
				GCC_DYNAMIC_NO_PIC = NO;
				GCC_NO_COMMON_BLOCKS = YES;
				GCC_OPTIMIZATION_LEVEL = 0;
				GCC_PREPROCESSOR_DEFINITIONS = (
					"DEBUG=1",
					"$(inherited)",
				);
				GCC_WARN_64_TO_32_BIT_CONVERSION = YES;
				GCC_WARN_ABOUT_RETURN_TYPE = YES_ERROR;
				GCC_WARN_UNDECLARED_SELECTOR = YES;
				GCC_WARN_UNINITIALIZED_AUTOS = YES_AGGRESSIVE;
				GCC_WARN_UNUSED_FUNCTION = YES;
				GCC_WARN_UNUSED_VARIABLE = YES;
				IPHONEOS_DEPLOYMENT_TARGET = 13.0;
				LOCALIZATION_PREFERS_STRING_CATALOGS = YES;
				MTL_ENABLE_DEBUG_INFO = INCLUDE_SOURCE;
				MTL_FAST_MATH = YES;
				ONLY_ACTIVE_ARCH = YES;
				SDKROOT = iphoneos;
				SWIFT_ACTIVE_COMPILATION_CONDITIONS = "DEBUG $(inherited)";
				SWIFT_OPTIMIZATION_LEVEL = "-Onone";
			};
			name = Debug;
		};
		3559AF542C652BFA0081C73A /* Release */ = {
			isa = XCBuildConfiguration;
			buildSettings = {
				ALWAYS_SEARCH_USER_PATHS = NO;
				ASSETCATALOG_COMPILER_GENERATE_SWIFT_ASSET_SYMBOL_EXTENSIONS = YES;
				CLANG_ANALYZER_NONNULL = YES;
				CLANG_ANALYZER_NUMBER_OBJECT_CONVERSION = YES_AGGRESSIVE;
				CLANG_CXX_LANGUAGE_STANDARD = "gnu++20";
				CLANG_ENABLE_MODULES = YES;
				CLANG_ENABLE_OBJC_ARC = YES;
				CLANG_ENABLE_OBJC_WEAK = YES;
				CLANG_WARN_BLOCK_CAPTURE_AUTORELEASING = YES;
				CLANG_WARN_BOOL_CONVERSION = YES;
				CLANG_WARN_COMMA = YES;
				CLANG_WARN_CONSTANT_CONVERSION = YES;
				CLANG_WARN_DEPRECATED_OBJC_IMPLEMENTATIONS = YES;
				CLANG_WARN_DIRECT_OBJC_ISA_USAGE = YES_ERROR;
				CLANG_WARN_DOCUMENTATION_COMMENTS = YES;
				CLANG_WARN_EMPTY_BODY = YES;
				CLANG_WARN_ENUM_CONVERSION = YES;
				CLANG_WARN_INFINITE_RECURSION = YES;
				CLANG_WARN_INT_CONVERSION = YES;
				CLANG_WARN_NON_LITERAL_NULL_CONVERSION = YES;
				CLANG_WARN_OBJC_IMPLICIT_RETAIN_SELF = YES;
				CLANG_WARN_OBJC_LITERAL_CONVERSION = YES;
				CLANG_WARN_OBJC_ROOT_CLASS = YES_ERROR;
				CLANG_WARN_QUOTED_INCLUDE_IN_FRAMEWORK_HEADER = YES;
				CLANG_WARN_RANGE_LOOP_ANALYSIS = YES;
				CLANG_WARN_STRICT_PROTOTYPES = YES;
				CLANG_WARN_SUSPICIOUS_MOVE = YES;
				CLANG_WARN_UNGUARDED_AVAILABILITY = YES_AGGRESSIVE;
				CLANG_WARN_UNREACHABLE_CODE = YES;
				CLANG_WARN__DUPLICATE_METHOD_MATCH = YES;
				COPY_PHASE_STRIP = NO;
				DEBUG_INFORMATION_FORMAT = "dwarf-with-dsym";
				ENABLE_NS_ASSERTIONS = NO;
				ENABLE_STRICT_OBJC_MSGSEND = YES;
				ENABLE_USER_SCRIPT_SANDBOXING = YES;
				GCC_C_LANGUAGE_STANDARD = gnu17;
				GCC_NO_COMMON_BLOCKS = YES;
				GCC_WARN_64_TO_32_BIT_CONVERSION = YES;
				GCC_WARN_ABOUT_RETURN_TYPE = YES_ERROR;
				GCC_WARN_UNDECLARED_SELECTOR = YES;
				GCC_WARN_UNINITIALIZED_AUTOS = YES_AGGRESSIVE;
				GCC_WARN_UNUSED_FUNCTION = YES;
				GCC_WARN_UNUSED_VARIABLE = YES;
				IPHONEOS_DEPLOYMENT_TARGET = 13.0;
				LOCALIZATION_PREFERS_STRING_CATALOGS = YES;
				MTL_ENABLE_DEBUG_INFO = NO;
				MTL_FAST_MATH = YES;
				SDKROOT = iphoneos;
				SWIFT_COMPILATION_MODE = wholemodule;
				VALIDATE_PRODUCT = YES;
			};
			name = Release;
		};
		3559AF562C652BFA0081C73A /* Debug */ = {
			isa = XCBuildConfiguration;
			buildSettings = {
				ASSETCATALOG_COMPILER_APPICON_NAME = AppIcon;
				ASSETCATALOG_COMPILER_GLOBAL_ACCENT_COLOR_NAME = AccentColor;
				CODE_SIGN_IDENTITY = "Apple Development";
				CODE_SIGN_STYLE = Automatic;
				CURRENT_PROJECT_VERSION = 1;
				DEVELOPMENT_TEAM = DRX889FW83;
				GENERATE_INFOPLIST_FILE = YES;
				INFOPLIST_FILE = Case_Study/Info.plist;
				INFOPLIST_KEY_UIApplicationSupportsIndirectInputEvents = YES;
				INFOPLIST_KEY_UILaunchStoryboardName = LaunchScreen;
				INFOPLIST_KEY_UISupportedInterfaceOrientations_iPad = "UIInterfaceOrientationPortrait UIInterfaceOrientationPortraitUpsideDown UIInterfaceOrientationLandscapeLeft UIInterfaceOrientationLandscapeRight";
				INFOPLIST_KEY_UISupportedInterfaceOrientations_iPhone = "UIInterfaceOrientationPortrait UIInterfaceOrientationLandscapeLeft UIInterfaceOrientationLandscapeRight";
				IPHONEOS_DEPLOYMENT_TARGET = 13.0;
				LD_RUNPATH_SEARCH_PATHS = (
					"$(inherited)",
					"@executable_path/Frameworks",
				);
				MARKETING_VERSION = 1.0;
				PRODUCT_BUNDLE_IDENTIFIER = "VinhPhan.Case-Study";
				PRODUCT_NAME = "$(TARGET_NAME)";
				PROVISIONING_PROFILE_SPECIFIER = "";
				SUPPORTED_PLATFORMS = "iphoneos iphonesimulator";
				SUPPORTS_MACCATALYST = NO;
				SUPPORTS_XR_DESIGNED_FOR_IPHONE_IPAD = NO;
				SWIFT_EMIT_LOC_STRINGS = YES;
				SWIFT_VERSION = 5.0;
				TARGETED_DEVICE_FAMILY = "1,2";
			};
			name = Debug;
		};
		3559AF572C652BFA0081C73A /* Release */ = {
			isa = XCBuildConfiguration;
			buildSettings = {
				ASSETCATALOG_COMPILER_APPICON_NAME = AppIcon;
				ASSETCATALOG_COMPILER_GLOBAL_ACCENT_COLOR_NAME = AccentColor;
				CODE_SIGN_IDENTITY = "Apple Development";
				CODE_SIGN_STYLE = Automatic;
				CURRENT_PROJECT_VERSION = 1;
				DEVELOPMENT_TEAM = DRX889FW83;
				GENERATE_INFOPLIST_FILE = YES;
				INFOPLIST_FILE = Case_Study/Info.plist;
				INFOPLIST_KEY_UIApplicationSupportsIndirectInputEvents = YES;
				INFOPLIST_KEY_UILaunchStoryboardName = LaunchScreen;
				INFOPLIST_KEY_UISupportedInterfaceOrientations_iPad = "UIInterfaceOrientationPortrait UIInterfaceOrientationPortraitUpsideDown UIInterfaceOrientationLandscapeLeft UIInterfaceOrientationLandscapeRight";
				INFOPLIST_KEY_UISupportedInterfaceOrientations_iPhone = "UIInterfaceOrientationPortrait UIInterfaceOrientationLandscapeLeft UIInterfaceOrientationLandscapeRight";
				IPHONEOS_DEPLOYMENT_TARGET = 13.0;
				LD_RUNPATH_SEARCH_PATHS = (
					"$(inherited)",
					"@executable_path/Frameworks",
				);
				MARKETING_VERSION = 1.0;
				PRODUCT_BUNDLE_IDENTIFIER = "VinhPhan.Case-Study";
				PRODUCT_NAME = "$(TARGET_NAME)";
				PROVISIONING_PROFILE_SPECIFIER = "";
				SUPPORTED_PLATFORMS = "iphoneos iphonesimulator";
				SUPPORTS_MACCATALYST = NO;
				SUPPORTS_XR_DESIGNED_FOR_IPHONE_IPAD = NO;
				SWIFT_EMIT_LOC_STRINGS = YES;
				SWIFT_VERSION = 5.0;
				TARGETED_DEVICE_FAMILY = "1,2";
			};
			name = Release;
		};
		3559AF632C652C170081C73A /* Debug */ = {
			isa = XCBuildConfiguration;
			buildSettings = {
				BUNDLE_LOADER = "$(TEST_HOST)";
				CLANG_ENABLE_MODULES = YES;
				CODE_SIGN_STYLE = Automatic;
				CURRENT_PROJECT_VERSION = 1;
				DEVELOPMENT_TEAM = DRX889FW83;
				GENERATE_INFOPLIST_FILE = YES;
				IPHONEOS_DEPLOYMENT_TARGET = 13.0;
				MARKETING_VERSION = 1.0;
				PRODUCT_BUNDLE_IDENTIFIER = "VinhPhan.Case-StudyTests";
				PRODUCT_NAME = "$(TARGET_NAME)";
				SUPPORTED_PLATFORMS = "iphoneos iphonesimulator";
				SUPPORTS_MACCATALYST = YES;
				SUPPORTS_XR_DESIGNED_FOR_IPHONE_IPAD = NO;
				SWIFT_EMIT_LOC_STRINGS = NO;
				SWIFT_OPTIMIZATION_LEVEL = "-Onone";
				SWIFT_VERSION = 5.0;
				TARGETED_DEVICE_FAMILY = "1,2";
				TEST_HOST = "$(BUILT_PRODUCTS_DIR)/Case_Study.app/$(BUNDLE_EXECUTABLE_FOLDER_PATH)/Case_Study";
			};
			name = Debug;
		};
		3559AF642C652C170081C73A /* Release */ = {
			isa = XCBuildConfiguration;
			buildSettings = {
				BUNDLE_LOADER = "$(TEST_HOST)";
				CLANG_ENABLE_MODULES = YES;
				CODE_SIGN_STYLE = Automatic;
				CURRENT_PROJECT_VERSION = 1;
				DEVELOPMENT_TEAM = DRX889FW83;
				GENERATE_INFOPLIST_FILE = YES;
				IPHONEOS_DEPLOYMENT_TARGET = 13.0;
				MARKETING_VERSION = 1.0;
				PRODUCT_BUNDLE_IDENTIFIER = "VinhPhan.Case-StudyTests";
				PRODUCT_NAME = "$(TARGET_NAME)";
				SUPPORTED_PLATFORMS = "iphoneos iphonesimulator";
				SUPPORTS_MACCATALYST = YES;
				SUPPORTS_XR_DESIGNED_FOR_IPHONE_IPAD = NO;
				SWIFT_EMIT_LOC_STRINGS = NO;
				SWIFT_VERSION = 5.0;
				TARGETED_DEVICE_FAMILY = "1,2";
				TEST_HOST = "$(BUILT_PRODUCTS_DIR)/Case_Study.app/$(BUNDLE_EXECUTABLE_FOLDER_PATH)/Case_Study";
			};
			name = Release;
		};
/* End XCBuildConfiguration section */

/* Begin XCConfigurationList section */
		3559AF3C2C652BF70081C73A /* Build configuration list for PBXProject "Case_Study" */ = {
			isa = XCConfigurationList;
			buildConfigurations = (
				3559AF532C652BFA0081C73A /* Debug */,
				3557CDA82CBD632A003D12C5 /* QA */,
				3559AF542C652BFA0081C73A /* Release */,
			);
			defaultConfigurationIsVisible = 0;
			defaultConfigurationName = Release;
		};
		3559AF552C652BFA0081C73A /* Build configuration list for PBXNativeTarget "Case_Study" */ = {
			isa = XCConfigurationList;
			buildConfigurations = (
				3559AF562C652BFA0081C73A /* Debug */,
				3557CDA92CBD632A003D12C5 /* QA */,
				3559AF572C652BFA0081C73A /* Release */,
			);
			defaultConfigurationIsVisible = 0;
			defaultConfigurationName = Release;
		};
		3559AF622C652C170081C73A /* Build configuration list for PBXNativeTarget "Case_StudyTests" */ = {
			isa = XCConfigurationList;
			buildConfigurations = (
				3559AF632C652C170081C73A /* Debug */,
				3557CDAA2CBD632A003D12C5 /* QA */,
				3559AF642C652C170081C73A /* Release */,
			);
			defaultConfigurationIsVisible = 0;
			defaultConfigurationName = Release;
		};
/* End XCConfigurationList section */
	};
	rootObject = 3559AF392C652BF70081C73A /* Project object */;
}
